// !$*UTF8*$!
{
	archiveVersion = 1;
	classes = {
	};
	objectVersion = 46;
	objects = {

/* Begin PBXBuildFile section */
		3D6DCFC119AE3C32003E926C /* Foundation.framework in Frameworks */ = {isa = PBXBuildFile; fileRef = 3D6DCFC019AE3C32003E926C /* Foundation.framework */; };
		3D6DCFC319AE3C32003E926C /* CoreGraphics.framework in Frameworks */ = {isa = PBXBuildFile; fileRef = 3D6DCFC219AE3C32003E926C /* CoreGraphics.framework */; };
		3D6DCFC519AE3C32003E926C /* UIKit.framework in Frameworks */ = {isa = PBXBuildFile; fileRef = 3D6DCFC419AE3C32003E926C /* UIKit.framework */; };
		3D6DCFCB19AE3C32003E926C /* InfoPlist.strings in Resources */ = {isa = PBXBuildFile; fileRef = 3D6DCFC919AE3C32003E926C /* InfoPlist.strings */; };
		3D6DCFCD19AE3C32003E926C /* main.m in Sources */ = {isa = PBXBuildFile; fileRef = 3D6DCFCC19AE3C32003E926C /* main.m */; };
		3D6DCFD119AE3C32003E926C /* RecipesAppDelegate.m in Sources */ = {isa = PBXBuildFile; fileRef = 3D6DCFD019AE3C32003E926C /* RecipesAppDelegate.m */; };
		3D6DCFD419AE3C32003E926C /* Main_iPhone.storyboard in Resources */ = {isa = PBXBuildFile; fileRef = 3D6DCFD219AE3C32003E926C /* Main_iPhone.storyboard */; };
		3D6DCFD719AE3C32003E926C /* Main_iPad.storyboard in Resources */ = {isa = PBXBuildFile; fileRef = 3D6DCFD519AE3C32003E926C /* Main_iPad.storyboard */; };
		3D6DCFDA19AE3C32003E926C /* RecipesViewController.m in Sources */ = {isa = PBXBuildFile; fileRef = 3D6DCFD919AE3C32003E926C /* RecipesViewController.m */; };
		3D6DCFDC19AE3C32003E926C /* Images.xcassets in Resources */ = {isa = PBXBuildFile; fileRef = 3D6DCFDB19AE3C32003E926C /* Images.xcassets */; };
		3D6DCFE319AE3C32003E926C /* XCTest.framework in Frameworks */ = {isa = PBXBuildFile; fileRef = 3D6DCFE219AE3C32003E926C /* XCTest.framework */; };
		3D6DCFE419AE3C32003E926C /* Foundation.framework in Frameworks */ = {isa = PBXBuildFile; fileRef = 3D6DCFC019AE3C32003E926C /* Foundation.framework */; };
		3D6DCFE519AE3C32003E926C /* UIKit.framework in Frameworks */ = {isa = PBXBuildFile; fileRef = 3D6DCFC419AE3C32003E926C /* UIKit.framework */; };
		3D6DCFED19AE3C32003E926C /* InfoPlist.strings in Resources */ = {isa = PBXBuildFile; fileRef = 3D6DCFEB19AE3C32003E926C /* InfoPlist.strings */; };
		3D6DCFEF19AE3C32003E926C /* RecipesTests.m in Sources */ = {isa = PBXBuildFile; fileRef = 3D6DCFEE19AE3C32003E926C /* RecipesTests.m */; };
/* End PBXBuildFile section */

/* Begin PBXContainerItemProxy section */
		3D6DCFE619AE3C32003E926C /* PBXContainerItemProxy */ = {
			isa = PBXContainerItemProxy;
			containerPortal = 3D6DCFB519AE3C32003E926C /* Project object */;
			proxyType = 1;
			remoteGlobalIDString = 3D6DCFBC19AE3C32003E926C;
			remoteInfo = Recipes;
		};
/* End PBXContainerItemProxy section */

/* Begin PBXFileReference section */
		3D6DCFBD19AE3C32003E926C /* Recipes.app */ = {isa = PBXFileReference; explicitFileType = wrapper.application; includeInIndex = 0; path = Recipes.app; sourceTree = BUILT_PRODUCTS_DIR; };
		3D6DCFC019AE3C32003E926C /* Foundation.framework */ = {isa = PBXFileReference; lastKnownFileType = wrapper.framework; name = Foundation.framework; path = System/Library/Frameworks/Foundation.framework; sourceTree = SDKROOT; };
		3D6DCFC219AE3C32003E926C /* CoreGraphics.framework */ = {isa = PBXFileReference; lastKnownFileType = wrapper.framework; name = CoreGraphics.framework; path = System/Library/Frameworks/CoreGraphics.framework; sourceTree = SDKROOT; };
		3D6DCFC419AE3C32003E926C /* UIKit.framework */ = {isa = PBXFileReference; lastKnownFileType = wrapper.framework; name = UIKit.framework; path = System/Library/Frameworks/UIKit.framework; sourceTree = SDKROOT; };
		3D6DCFC819AE3C32003E926C /* Recipes-Info.plist */ = {isa = PBXFileReference; lastKnownFileType = text.plist.xml; path = "Recipes-Info.plist"; sourceTree = "<group>"; };
		3D6DCFCA19AE3C32003E926C /* en */ = {isa = PBXFileReference; lastKnownFileType = text.plist.strings; name = en; path = en.lproj/InfoPlist.strings; sourceTree = "<group>"; };
		3D6DCFCC19AE3C32003E926C /* main.m */ = {isa = PBXFileReference; lastKnownFileType = sourcecode.c.objc; path = main.m; sourceTree = "<group>"; };
		3D6DCFCE19AE3C32003E926C /* Recipes-Prefix.pch */ = {isa = PBXFileReference; lastKnownFileType = sourcecode.c.h; path = "Recipes-Prefix.pch"; sourceTree = "<group>"; };
		3D6DCFCF19AE3C32003E926C /* RecipesAppDelegate.h */ = {isa = PBXFileReference; lastKnownFileType = sourcecode.c.h; path = RecipesAppDelegate.h; sourceTree = "<group>"; };
		3D6DCFD019AE3C32003E926C /* RecipesAppDelegate.m */ = {isa = PBXFileReference; lastKnownFileType = sourcecode.c.objc; path = RecipesAppDelegate.m; sourceTree = "<group>"; };
		3D6DCFD319AE3C32003E926C /* Base */ = {isa = PBXFileReference; lastKnownFileType = file.storyboard; name = Base; path = Base.lproj/Main_iPhone.storyboard; sourceTree = "<group>"; };
		3D6DCFD619AE3C32003E926C /* Base */ = {isa = PBXFileReference; lastKnownFileType = file.storyboard; name = Base; path = Base.lproj/Main_iPad.storyboard; sourceTree = "<group>"; };
		3D6DCFD819AE3C32003E926C /* RecipesViewController.h */ = {isa = PBXFileReference; lastKnownFileType = sourcecode.c.h; path = RecipesViewController.h; sourceTree = "<group>"; };
		3D6DCFD919AE3C32003E926C /* RecipesViewController.m */ = {isa = PBXFileReference; lastKnownFileType = sourcecode.c.objc; path = RecipesViewController.m; sourceTree = "<group>"; };
		3D6DCFDB19AE3C32003E926C /* Images.xcassets */ = {isa = PBXFileReference; lastKnownFileType = folder.assetcatalog; path = Images.xcassets; sourceTree = "<group>"; };
		3D6DCFE119AE3C32003E926C /* RecipesTests.xctest */ = {isa = PBXFileReference; explicitFileType = wrapper.cfbundle; includeInIndex = 0; path = RecipesTests.xctest; sourceTree = BUILT_PRODUCTS_DIR; };
		3D6DCFE219AE3C32003E926C /* XCTest.framework */ = {isa = PBXFileReference; lastKnownFileType = wrapper.framework; name = XCTest.framework; path = Library/Frameworks/XCTest.framework; sourceTree = DEVELOPER_DIR; };
		3D6DCFEA19AE3C32003E926C /* RecipesTests-Info.plist */ = {isa = PBXFileReference; lastKnownFileType = text.plist.xml; path = "RecipesTests-Info.plist"; sourceTree = "<group>"; };
		3D6DCFEC19AE3C32003E926C /* en */ = {isa = PBXFileReference; lastKnownFileType = text.plist.strings; name = en; path = en.lproj/InfoPlist.strings; sourceTree = "<group>"; };
		3D6DCFEE19AE3C32003E926C /* RecipesTests.m */ = {isa = PBXFileReference; lastKnownFileType = sourcecode.c.objc; path = RecipesTests.m; sourceTree = "<group>"; };
/* End PBXFileReference section */

/* Begin PBXFrameworksBuildPhase section */
		3D6DCFBA19AE3C32003E926C /* Frameworks */ = {
			isa = PBXFrameworksBuildPhase;
			buildActionMask = 2147483647;
			files = (
				3D6DCFC319AE3C32003E926C /* CoreGraphics.framework in Frameworks */,
				3D6DCFC519AE3C32003E926C /* UIKit.framework in Frameworks */,
				3D6DCFC119AE3C32003E926C /* Foundation.framework in Frameworks */,
			);
			runOnlyForDeploymentPostprocessing = 0;
		};
		3D6DCFDE19AE3C32003E926C /* Frameworks */ = {
			isa = PBXFrameworksBuildPhase;
			buildActionMask = 2147483647;
			files = (
				3D6DCFE319AE3C32003E926C /* XCTest.framework in Frameworks */,
				3D6DCFE519AE3C32003E926C /* UIKit.framework in Frameworks */,
				3D6DCFE419AE3C32003E926C /* Foundation.framework in Frameworks */,
			);
			runOnlyForDeploymentPostprocessing = 0;
		};
/* End PBXFrameworksBuildPhase section */

/* Begin PBXGroup section */
		3D6DCFB419AE3C32003E926C = {
			isa = PBXGroup;
			children = (
				3D6DCFC619AE3C32003E926C /* Recipes */,
				3D6DCFE819AE3C32003E926C /* RecipesTests */,
				3D6DCFBF19AE3C32003E926C /* Frameworks */,
				3D6DCFBE19AE3C32003E926C /* Products */,
			);
			sourceTree = "<group>";
		};
		3D6DCFBE19AE3C32003E926C /* Products */ = {
			isa = PBXGroup;
			children = (
				3D6DCFBD19AE3C32003E926C /* Recipes.app */,
				3D6DCFE119AE3C32003E926C /* RecipesTests.xctest */,
			);
			name = Products;
			sourceTree = "<group>";
		};
		3D6DCFBF19AE3C32003E926C /* Frameworks */ = {
			isa = PBXGroup;
			children = (
				3D6DCFC019AE3C32003E926C /* Foundation.framework */,
				3D6DCFC219AE3C32003E926C /* CoreGraphics.framework */,
				3D6DCFC419AE3C32003E926C /* UIKit.framework */,
				3D6DCFE219AE3C32003E926C /* XCTest.framework */,
			);
			name = Frameworks;
			sourceTree = "<group>";
		};
		3D6DCFC619AE3C32003E926C /* Recipes */ = {
			isa = PBXGroup;
			children = (
				3D6DCFCF19AE3C32003E926C /* RecipesAppDelegate.h */,
				3D6DCFD019AE3C32003E926C /* RecipesAppDelegate.m */,
				3D6DCFF819AE3C4D003E926C /* Model */,
				3D6DCFF919AE3C5F003E926C /* Views */,
				3D6DCFFA19AE3C6C003E926C /* Controllers */,
				3D6DCFDB19AE3C32003E926C /* Images.xcassets */,
				3D6DCFC719AE3C32003E926C /* Supporting Files */,
			);
			path = Recipes;
			sourceTree = "<group>";
		};
		3D6DCFC719AE3C32003E926C /* Supporting Files */ = {
			isa = PBXGroup;
			children = (
				3D6DCFC819AE3C32003E926C /* Recipes-Info.plist */,
				3D6DCFC919AE3C32003E926C /* InfoPlist.strings */,
				3D6DCFCC19AE3C32003E926C /* main.m */,
				3D6DCFCE19AE3C32003E926C /* Recipes-Prefix.pch */,
			);
			name = "Supporting Files";
			sourceTree = "<group>";
		};
		3D6DCFE819AE3C32003E926C /* RecipesTests */ = {
			isa = PBXGroup;
			children = (
				3D6DCFEE19AE3C32003E926C /* RecipesTests.m */,
				3D6DCFE919AE3C32003E926C /* Supporting Files */,
			);
			path = RecipesTests;
			sourceTree = "<group>";
		};
		3D6DCFE919AE3C32003E926C /* Supporting Files */ = {
			isa = PBXGroup;
			children = (
				3D6DCFEA19AE3C32003E926C /* RecipesTests-Info.plist */,
				3D6DCFEB19AE3C32003E926C /* InfoPlist.strings */,
			);
			name = "Supporting Files";
			sourceTree = "<group>";
		};
		3D6DCFF819AE3C4D003E926C /* Model */ = {
			isa = PBXGroup;
			children = (
			);
			name = Model;
			sourceTree = "<group>";
		};
		3D6DCFF919AE3C5F003E926C /* Views */ = {
			isa = PBXGroup;
			children = (
				3D6DCFD219AE3C32003E926C /* Main_iPhone.storyboard */,
				3D6DCFD519AE3C32003E926C /* Main_iPad.storyboard */,
			);
			name = Views;
			sourceTree = "<group>";
		};
		3D6DCFFA19AE3C6C003E926C /* Controllers */ = {
			isa = PBXGroup;
			children = (
				3D6DCFD819AE3C32003E926C /* RecipesViewController.h */,
				3D6DCFD919AE3C32003E926C /* RecipesViewController.m */,
			);
			name = Controllers;
			sourceTree = "<group>";
		};
/* End PBXGroup section */

/* Begin PBXNativeTarget section */
		3D6DCFBC19AE3C32003E926C /* Recipes */ = {
			isa = PBXNativeTarget;
			buildConfigurationList = 3D6DCFF219AE3C32003E926C /* Build configuration list for PBXNativeTarget "Recipes" */;
			buildPhases = (
				3D6DCFB919AE3C32003E926C /* Sources */,
				3D6DCFBA19AE3C32003E926C /* Frameworks */,
				3D6DCFBB19AE3C32003E926C /* Resources */,
			);
			buildRules = (
			);
			dependencies = (
			);
			name = Recipes;
			productName = Recipes;
			productReference = 3D6DCFBD19AE3C32003E926C /* Recipes.app */;
			productType = "com.apple.product-type.application";
		};
		3D6DCFE019AE3C32003E926C /* RecipesTests */ = {
			isa = PBXNativeTarget;
			buildConfigurationList = 3D6DCFF519AE3C32003E926C /* Build configuration list for PBXNativeTarget "RecipesTests" */;
			buildPhases = (
				3D6DCFDD19AE3C32003E926C /* Sources */,
				3D6DCFDE19AE3C32003E926C /* Frameworks */,
				3D6DCFDF19AE3C32003E926C /* Resources */,
			);
			buildRules = (
			);
			dependencies = (
				3D6DCFE719AE3C32003E926C /* PBXTargetDependency */,
			);
			name = RecipesTests;
			productName = RecipesTests;
			productReference = 3D6DCFE119AE3C32003E926C /* RecipesTests.xctest */;
			productType = "com.apple.product-type.bundle.unit-test";
		};
/* End PBXNativeTarget section */

/* Begin PBXProject section */
		3D6DCFB519AE3C32003E926C /* Project object */ = {
			isa = PBXProject;
			attributes = {
				CLASSPREFIX = Recipes;
				LastUpgradeCheck = 0510;
				ORGANIZATIONNAME = "Jan Lottermoser";
				TargetAttributes = {
					3D6DCFE019AE3C32003E926C = {
						TestTargetID = 3D6DCFBC19AE3C32003E926C;
					};
				};
			};
			buildConfigurationList = 3D6DCFB819AE3C32003E926C /* Build configuration list for PBXProject "Recipes" */;
			compatibilityVersion = "Xcode 3.2";
			developmentRegion = English;
			hasScannedForEncodings = 0;
			knownRegions = (
				en,
				Base,
			);
			mainGroup = 3D6DCFB419AE3C32003E926C;
			productRefGroup = 3D6DCFBE19AE3C32003E926C /* Products */;
			projectDirPath = "";
			projectRoot = "";
			targets = (
				3D6DCFBC19AE3C32003E926C /* Recipes */,
				3D6DCFE019AE3C32003E926C /* RecipesTests */,
			);
		};
/* End PBXProject section */

/* Begin PBXResourcesBuildPhase section */
		3D6DCFBB19AE3C32003E926C /* Resources */ = {
			isa = PBXResourcesBuildPhase;
			buildActionMask = 2147483647;
			files = (
				3D6DCFD719AE3C32003E926C /* Main_iPad.storyboard in Resources */,
				3D6DCFDC19AE3C32003E926C /* Images.xcassets in Resources */,
				3D6DCFD419AE3C32003E926C /* Main_iPhone.storyboard in Resources */,
				3D6DCFCB19AE3C32003E926C /* InfoPlist.strings in Resources */,
			);
			runOnlyForDeploymentPostprocessing = 0;
		};
		3D6DCFDF19AE3C32003E926C /* Resources */ = {
			isa = PBXResourcesBuildPhase;
			buildActionMask = 2147483647;
			files = (
				3D6DCFED19AE3C32003E926C /* InfoPlist.strings in Resources */,
			);
			runOnlyForDeploymentPostprocessing = 0;
		};
/* End PBXResourcesBuildPhase section */

/* Begin PBXSourcesBuildPhase section */
		3D6DCFB919AE3C32003E926C /* Sources */ = {
			isa = PBXSourcesBuildPhase;
			buildActionMask = 2147483647;
			files = (
				3D6DCFD119AE3C32003E926C /* RecipesAppDelegate.m in Sources */,
				3D6DCFDA19AE3C32003E926C /* RecipesViewController.m in Sources */,
				3D6DCFCD19AE3C32003E926C /* main.m in Sources */,
			);
			runOnlyForDeploymentPostprocessing = 0;
		};
		3D6DCFDD19AE3C32003E926C /* Sources */ = {
			isa = PBXSourcesBuildPhase;
			buildActionMask = 2147483647;
			files = (
				3D6DCFEF19AE3C32003E926C /* RecipesTests.m in Sources */,
			);
			runOnlyForDeploymentPostprocessing = 0;
		};
/* End PBXSourcesBuildPhase section */

/* Begin PBXTargetDependency section */
		3D6DCFE719AE3C32003E926C /* PBXTargetDependency */ = {
			isa = PBXTargetDependency;
			target = 3D6DCFBC19AE3C32003E926C /* Recipes */;
			targetProxy = 3D6DCFE619AE3C32003E926C /* PBXContainerItemProxy */;
		};
/* End PBXTargetDependency section */

/* Begin PBXVariantGroup section */
		3D6DCFC919AE3C32003E926C /* InfoPlist.strings */ = {
			isa = PBXVariantGroup;
			children = (
				3D6DCFCA19AE3C32003E926C /* en */,
			);
			name = InfoPlist.strings;
			sourceTree = "<group>";
		};
		3D6DCFD219AE3C32003E926C /* Main_iPhone.storyboard */ = {
			isa = PBXVariantGroup;
			children = (
				3D6DCFD319AE3C32003E926C /* Base */,
			);
			name = Main_iPhone.storyboard;
			sourceTree = "<group>";
		};
		3D6DCFD519AE3C32003E926C /* Main_iPad.storyboard */ = {
			isa = PBXVariantGroup;
			children = (
				3D6DCFD619AE3C32003E926C /* Base */,
			);
			name = Main_iPad.storyboard;
			sourceTree = "<group>";
		};
		3D6DCFEB19AE3C32003E926C /* InfoPlist.strings */ = {
			isa = PBXVariantGroup;
			children = (
				3D6DCFEC19AE3C32003E926C /* en */,
			);
			name = InfoPlist.strings;
			sourceTree = "<group>";
		};
/* End PBXVariantGroup section */

/* Begin XCBuildConfiguration section */
		3D6DCFF019AE3C32003E926C /* Debug */ = {
			isa = XCBuildConfiguration;
			buildSettings = {
				ALWAYS_SEARCH_USER_PATHS = NO;
				CLANG_CXX_LANGUAGE_STANDARD = "gnu++0x";
				CLANG_CXX_LIBRARY = "libc++";
				CLANG_ENABLE_MODULES = YES;
				CLANG_ENABLE_OBJC_ARC = YES;
				CLANG_WARN_BOOL_CONVERSION = YES;
				CLANG_WARN_CONSTANT_CONVERSION = YES;
				CLANG_WARN_DIRECT_OBJC_ISA_USAGE = YES_ERROR;
				CLANG_WARN_EMPTY_BODY = YES;
				CLANG_WARN_ENUM_CONVERSION = YES;
				CLANG_WARN_INT_CONVERSION = YES;
				CLANG_WARN_OBJC_ROOT_CLASS = YES_ERROR;
				CLANG_WARN__DUPLICATE_METHOD_MATCH = YES;
				"CODE_SIGN_IDENTITY[sdk=iphoneos*]" = "iPhone Developer";
				COPY_PHASE_STRIP = NO;
				GCC_C_LANGUAGE_STANDARD = gnu99;
				GCC_DYNAMIC_NO_PIC = NO;
				GCC_OPTIMIZATION_LEVEL = 0;
				GCC_PREPROCESSOR_DEFINITIONS = (
					"DEBUG=1",
					"$(inherited)",
				);
				GCC_SYMBOLS_PRIVATE_EXTERN = NO;
				GCC_WARN_64_TO_32_BIT_CONVERSION = YES;
				GCC_WARN_ABOUT_RETURN_TYPE = YES_ERROR;
				GCC_WARN_UNDECLARED_SELECTOR = YES;
				GCC_WARN_UNINITIALIZED_AUTOS = YES_AGGRESSIVE;
				GCC_WARN_UNUSED_FUNCTION = YES;
				GCC_WARN_UNUSED_VARIABLE = YES;
				IPHONEOS_DEPLOYMENT_TARGET = 7.1;
				ONLY_ACTIVE_ARCH = YES;
				SDKROOT = iphoneos;
				TARGETED_DEVICE_FAMILY = "1,2";
			};
			name = Debug;
		};
		3D6DCFF119AE3C32003E926C /* Release */ = {
			isa = XCBuildConfiguration;
			buildSettings = {
				ALWAYS_SEARCH_USER_PATHS = NO;
				CLANG_CXX_LANGUAGE_STANDARD = "gnu++0x";
				CLANG_CXX_LIBRARY = "libc++";
				CLANG_ENABLE_MODULES = YES;
				CLANG_ENABLE_OBJC_ARC = YES;
				CLANG_WARN_BOOL_CONVERSION = YES;
				CLANG_WARN_CONSTANT_CONVERSION = YES;
				CLANG_WARN_DIRECT_OBJC_ISA_USAGE = YES_ERROR;
				CLANG_WARN_EMPTY_BODY = YES;
				CLANG_WARN_ENUM_CONVERSION = YES;
				CLANG_WARN_INT_CONVERSION = YES;
				CLANG_WARN_OBJC_ROOT_CLASS = YES_ERROR;
				CLANG_WARN__DUPLICATE_METHOD_MATCH = YES;
				"CODE_SIGN_IDENTITY[sdk=iphoneos*]" = "iPhone Developer";
				COPY_PHASE_STRIP = YES;
				ENABLE_NS_ASSERTIONS = NO;
				GCC_C_LANGUAGE_STANDARD = gnu99;
				GCC_WARN_64_TO_32_BIT_CONVERSION = YES;
				GCC_WARN_ABOUT_RETURN_TYPE = YES_ERROR;
				GCC_WARN_UNDECLARED_SELECTOR = YES;
				GCC_WARN_UNINITIALIZED_AUTOS = YES_AGGRESSIVE;
				GCC_WARN_UNUSED_FUNCTION = YES;
				GCC_WARN_UNUSED_VARIABLE = YES;
				IPHONEOS_DEPLOYMENT_TARGET = 7.1;
				SDKROOT = iphoneos;
				TARGETED_DEVICE_FAMILY = "1,2";
				VALIDATE_PRODUCT = YES;
			};
			name = Release;
		};
		3D6DCFF319AE3C32003E926C /* Debug */ = {
			isa = XCBuildConfiguration;
			buildSettings = {
				ASSETCATALOG_COMPILER_APPICON_NAME = AppIcon;
				ASSETCATALOG_COMPILER_LAUNCHIMAGE_NAME = LaunchImage;
				GCC_PRECOMPILE_PREFIX_HEADER = YES;
				GCC_PREFIX_HEADER = "Recipes/Recipes-Prefix.pch";
				INFOPLIST_FILE = "Recipes/Recipes-Info.plist";
				PRODUCT_NAME = "$(TARGET_NAME)";
				WRAPPER_EXTENSION = app;
			};
			name = Debug;
		};
		3D6DCFF419AE3C32003E926C /* Release */ = {
			isa = XCBuildConfiguration;
			buildSettings = {
				ASSETCATALOG_COMPILER_APPICON_NAME = AppIcon;
				ASSETCATALOG_COMPILER_LAUNCHIMAGE_NAME = LaunchImage;
				GCC_PRECOMPILE_PREFIX_HEADER = YES;
				GCC_PREFIX_HEADER = "Recipes/Recipes-Prefix.pch";
				INFOPLIST_FILE = "Recipes/Recipes-Info.plist";
				PRODUCT_NAME = "$(TARGET_NAME)";
				WRAPPER_EXTENSION = app;
			};
			name = Release;
		};
		3D6DCFF619AE3C32003E926C /* Debug */ = {
			isa = XCBuildConfiguration;
			buildSettings = {
				BUNDLE_LOADER = "$(BUILT_PRODUCTS_DIR)/Recipes.app/Recipes";
				FRAMEWORK_SEARCH_PATHS = (
					"$(SDKROOT)/Developer/Library/Frameworks",
					"$(inherited)",
					"$(DEVELOPER_FRAMEWORKS_DIR)",
				);
				GCC_PRECOMPILE_PREFIX_HEADER = YES;
				GCC_PREFIX_HEADER = "Recipes/Recipes-Prefix.pch";
				GCC_PREPROCESSOR_DEFINITIONS = (
					"DEBUG=1",
					"$(inherited)",
				);
				INFOPLIST_FILE = "RecipesTests/RecipesTests-Info.plist";
				PRODUCT_NAME = "$(TARGET_NAME)";
				TEST_HOST = "$(BUNDLE_LOADER)";
				WRAPPER_EXTENSION = xctest;
			};
			name = Debug;
		};
		3D6DCFF719AE3C32003E926C /* Release */ = {
			isa = XCBuildConfiguration;
			buildSettings = {
				BUNDLE_LOADER = "$(BUILT_PRODUCTS_DIR)/Recipes.app/Recipes";
				FRAMEWORK_SEARCH_PATHS = (
					"$(SDKROOT)/Developer/Library/Frameworks",
					"$(inherited)",
					"$(DEVELOPER_FRAMEWORKS_DIR)",
				);
				GCC_PRECOMPILE_PREFIX_HEADER = YES;
				GCC_PREFIX_HEADER = "Recipes/Recipes-Prefix.pch";
				INFOPLIST_FILE = "RecipesTests/RecipesTests-Info.plist";
				PRODUCT_NAME = "$(TARGET_NAME)";
				TEST_HOST = "$(BUNDLE_LOADER)";
				WRAPPER_EXTENSION = xctest;
			};
			name = Release;
		};
/* End XCBuildConfiguration section */

/* Begin XCConfigurationList section */
		3D6DCFB819AE3C32003E926C /* Build configuration list for PBXProject "Recipes" */ = {
			isa = XCConfigurationList;
			buildConfigurations = (
				3D6DCFF019AE3C32003E926C /* Debug */,
				3D6DCFF119AE3C32003E926C /* Release */,
			);
			defaultConfigurationIsVisible = 0;
			defaultConfigurationName = Release;
		};
		3D6DCFF219AE3C32003E926C /* Build configuration list for PBXNativeTarget "Recipes" */ = {
			isa = XCConfigurationList;
			buildConfigurations = (
				3D6DCFF319AE3C32003E926C /* Debug */,
				3D6DCFF419AE3C32003E926C /* Release */,
			);
			defaultConfigurationIsVisible = 0;
		};
		3D6DCFF519AE3C32003E926C /* Build configuration list for PBXNativeTarget "RecipesTests" */ = {
			isa = XCConfigurationList;
			buildConfigurations = (
				3D6DCFF619AE3C32003E926C /* Debug */,
				3D6DCFF719AE3C32003E926C /* Release */,
			);
			defaultConfigurationIsVisible = 0;
		};
/* End XCConfigurationList section */
	};
	rootObject = 3D6DCFB519AE3C32003E926C /* Project object */;
}
